
Microsoft Visual Studio Solution File, Format Version 12.00
# Visual Studio Version 16
VisualStudioVersion = 16.0.31624.102
MinimumVisualStudioVersion = 10.0.40219.1
Project("{8BC9CEB8-8B4A-11D0-8D11-00A0C91BC942}") = "DataStructure", "DataStructure\DataStructure.vcxproj", "{55B84AEE-E4F3-4DD2-BACD-B1975DCFBD91}"
EndProject
Project("{8BC9CEB8-8B4A-11D0-8D11-00A0C91BC942}") = "DataStructure_2", "DataStructure_2\DataStructure_2.vcxproj", "{9693F1BB-F992-4568-B3D8-25B9E6774ECC}"
EndProject
Project("{8BC9CEB8-8B4A-11D0-8D11-00A0C91BC942}") = "QuadTree", "QuadTree\QuadTree.vcxproj", "{921AC022-F4F1-4282-A8D6-DC6763289736}"
EndProject
Project("{8BC9CEB8-8B4A-11D0-8D11-00A0C91BC942}") = "OcTree", "OcTree\OcTree.vcxproj", "{78477CDD-F039-43B0-B813-B58AEDF10C3E}"
EndProject
Project("{8BC9CEB8-8B4A-11D0-8D11-00A0C91BC942}") = "WinSample_2", "WinSample_2\WinSample_2.vcxproj", "{0A7DB2A1-9A10-494C-9A8F-972E1F1A2FEA}"
EndProject
Project("{8BC9CEB8-8B4A-11D0-8D11-00A0C91BC942}") = "WinSample_3", "WinSample_3\WinSample_3.vcxproj", "{00E52888-2B57-4186-9C39-ADFF60F377F1}"
EndProject
Project("{2150E333-8FDC-42A3-9474-1A3956D46DE8}") = "WindowSample", "WindowSample", "{6CD323B1-A85E-4480-923A-53C9B85C914C}"
EndProject
Project("{2150E333-8FDC-42A3-9474-1A3956D46DE8}") = "Algorithm", "Algorithm", "{10131A6F-4F3B-4C46-B701-55BEDCD0E6CE}"
EndProject
Project("{2150E333-8FDC-42A3-9474-1A3956D46DE8}") = "Library", "Library", "{39B9F9EE-D886-4D60-BC15-F3BEF062DE4B}"
EndProject
Project("{8BC9CEB8-8B4A-11D0-8D11-00A0C91BC942}") = "CoreLib", "CoreLib\CoreLib.vcxproj", "{7FA7F31F-2003-4B6E-8397-A84C066E8536}"
EndProject
Project("{8BC9CEB8-8B4A-11D0-8D11-00A0C91BC942}") = "LibSample", "LibSample\LibSample.vcxproj", "{2CFB08E3-99D0-45B5-9D2B-B91CBA4BC056}"
EndProject
Project("{2150E333-8FDC-42A3-9474-1A3956D46DE8}") = "Server", "Server", "{F23EDF69-832A-4E3F-B5AF-CEB90FF7F655}"
EndProject
Project("{8BC9CEB8-8B4A-11D0-8D11-00A0C91BC942}") = "Soket_1", "Soket_1\Soket_1.vcxproj", "{3666A370-06AB-4881-BEEE-E57A5A5C0F3A}"
EndProject
Project("{8BC9CEB8-8B4A-11D0-8D11-00A0C91BC942}") = "Server1v1", "Server1v1\Server1v1.vcxproj", "{231CAB5A-5167-4645-BBC5-F4F60D1444C9}"
EndProject
Project("{8BC9CEB8-8B4A-11D0-8D11-00A0C91BC942}") = "ServerNvN", "ServerNvN\ServerNvN.vcxproj", "{1C7DCDD8-8A25-45A1-9AA9-712F1E632A43}"
EndProject
Project("{2150E333-8FDC-42A3-9474-1A3956D46DE8}") = "Socket", "Socket", "{F108E7E4-93FB-4F18-9210-8402ADF03444}"
EndProject
Project("{2150E333-8FDC-42A3-9474-1A3956D46DE8}") = "Packet", "Packet", "{1482005A-4460-4FBE-A2A9-9052D7EB4158}"
EndProject
Project("{2150E333-8FDC-42A3-9474-1A3956D46DE8}") = "Thread", "Thread", "{2E0B13B7-50FD-4798-96C6-A21980FFCDA6}"
EndProject
Project("{8BC9CEB8-8B4A-11D0-8D11-00A0C91BC942}") = "ThreadClient", "ThreadClient\ThreadClient.vcxproj", "{397DE8B3-EE35-4923-AC8A-5067ECCB62A9}"
EndProject
Project("{8BC9CEB8-8B4A-11D0-8D11-00A0C91BC942}") = "PacketClient", "PacketClient\PacketClient.vcxproj", "{10E87CB9-A692-47F9-A225-1B7041E00706}"
EndProject
Project("{8BC9CEB8-8B4A-11D0-8D11-00A0C91BC942}") = "PacketServer", "PacketServer\PacketServer.vcxproj", "{9877440D-F876-4AD8-B56B-FFB977B886CB}"
EndProject
Project("{2150E333-8FDC-42A3-9474-1A3956D46DE8}") = "SelectServer", "SelectServer", "{F1A236C9-20C3-403E-9213-73B995EAC182}"
EndProject
Project("{8BC9CEB8-8B4A-11D0-8D11-00A0C91BC942}") = "PacketLib", "PacketLib\PacketLib.vcxproj", "{C00F9511-4584-4F75-B99B-D9641101E61C}"
EndProject
Project("{8BC9CEB8-8B4A-11D0-8D11-00A0C91BC942}") = "SelectServer", "SelectServer\SelectServer.vcxproj", "{D56538B7-CB52-4D4F-BC18-A56821A09B9A}"
EndProject
Project("{8BC9CEB8-8B4A-11D0-8D11-00A0C91BC942}") = "ThreadServer_2", "ThreadServer_2\ThreadServer_2.vcxproj", "{4E9983B5-DE25-4B2A-ADE2-4E8E8031AB05}"
EndProject
Global
	GlobalSection(SolutionConfigurationPlatforms) = preSolution
		Debug|x64 = Debug|x64
		Debug|x86 = Debug|x86
		Release|x64 = Release|x64
		Release|x86 = Release|x86
	EndGlobalSection
	GlobalSection(ProjectConfigurationPlatforms) = postSolution
		{55B84AEE-E4F3-4DD2-BACD-B1975DCFBD91}.Debug|x64.ActiveCfg = Debug|x64
		{55B84AEE-E4F3-4DD2-BACD-B1975DCFBD91}.Debug|x64.Build.0 = Debug|x64
		{55B84AEE-E4F3-4DD2-BACD-B1975DCFBD91}.Debug|x86.ActiveCfg = Debug|Win32
		{55B84AEE-E4F3-4DD2-BACD-B1975DCFBD91}.Debug|x86.Build.0 = Debug|Win32
		{55B84AEE-E4F3-4DD2-BACD-B1975DCFBD91}.Release|x64.ActiveCfg = Release|x64
		{55B84AEE-E4F3-4DD2-BACD-B1975DCFBD91}.Release|x64.Build.0 = Release|x64
		{55B84AEE-E4F3-4DD2-BACD-B1975DCFBD91}.Release|x86.ActiveCfg = Release|Win32
		{55B84AEE-E4F3-4DD2-BACD-B1975DCFBD91}.Release|x86.Build.0 = Release|Win32
		{9693F1BB-F992-4568-B3D8-25B9E6774ECC}.Debug|x64.ActiveCfg = Debug|x64
		{9693F1BB-F992-4568-B3D8-25B9E6774ECC}.Debug|x64.Build.0 = Debug|x64
		{9693F1BB-F992-4568-B3D8-25B9E6774ECC}.Debug|x86.ActiveCfg = Debug|Win32
		{9693F1BB-F992-4568-B3D8-25B9E6774ECC}.Debug|x86.Build.0 = Debug|Win32
		{9693F1BB-F992-4568-B3D8-25B9E6774ECC}.Release|x64.ActiveCfg = Release|x64
		{9693F1BB-F992-4568-B3D8-25B9E6774ECC}.Release|x64.Build.0 = Release|x64
		{9693F1BB-F992-4568-B3D8-25B9E6774ECC}.Release|x86.ActiveCfg = Release|Win32
		{9693F1BB-F992-4568-B3D8-25B9E6774ECC}.Release|x86.Build.0 = Release|Win32
		{921AC022-F4F1-4282-A8D6-DC6763289736}.Debug|x64.ActiveCfg = Debug|x64
		{921AC022-F4F1-4282-A8D6-DC6763289736}.Debug|x64.Build.0 = Debug|x64
		{921AC022-F4F1-4282-A8D6-DC6763289736}.Debug|x86.ActiveCfg = Debug|Win32
		{921AC022-F4F1-4282-A8D6-DC6763289736}.Debug|x86.Build.0 = Debug|Win32
		{921AC022-F4F1-4282-A8D6-DC6763289736}.Release|x64.ActiveCfg = Release|x64
		{921AC022-F4F1-4282-A8D6-DC6763289736}.Release|x64.Build.0 = Release|x64
		{921AC022-F4F1-4282-A8D6-DC6763289736}.Release|x86.ActiveCfg = Release|Win32
		{921AC022-F4F1-4282-A8D6-DC6763289736}.Release|x86.Build.0 = Release|Win32
		{78477CDD-F039-43B0-B813-B58AEDF10C3E}.Debug|x64.ActiveCfg = Debug|x64
		{78477CDD-F039-43B0-B813-B58AEDF10C3E}.Debug|x64.Build.0 = Debug|x64
		{78477CDD-F039-43B0-B813-B58AEDF10C3E}.Debug|x86.ActiveCfg = Debug|Win32
		{78477CDD-F039-43B0-B813-B58AEDF10C3E}.Debug|x86.Build.0 = Debug|Win32
		{78477CDD-F039-43B0-B813-B58AEDF10C3E}.Release|x64.ActiveCfg = Release|x64
		{78477CDD-F039-43B0-B813-B58AEDF10C3E}.Release|x64.Build.0 = Release|x64
		{78477CDD-F039-43B0-B813-B58AEDF10C3E}.Release|x86.ActiveCfg = Release|Win32
		{78477CDD-F039-43B0-B813-B58AEDF10C3E}.Release|x86.Build.0 = Release|Win32
		{0A7DB2A1-9A10-494C-9A8F-972E1F1A2FEA}.Debug|x64.ActiveCfg = Debug|x64
		{0A7DB2A1-9A10-494C-9A8F-972E1F1A2FEA}.Debug|x64.Build.0 = Debug|x64
		{0A7DB2A1-9A10-494C-9A8F-972E1F1A2FEA}.Debug|x86.ActiveCfg = Debug|Win32
		{0A7DB2A1-9A10-494C-9A8F-972E1F1A2FEA}.Debug|x86.Build.0 = Debug|Win32
		{0A7DB2A1-9A10-494C-9A8F-972E1F1A2FEA}.Release|x64.ActiveCfg = Release|x64
		{0A7DB2A1-9A10-494C-9A8F-972E1F1A2FEA}.Release|x64.Build.0 = Release|x64
		{0A7DB2A1-9A10-494C-9A8F-972E1F1A2FEA}.Release|x86.ActiveCfg = Release|Win32
		{0A7DB2A1-9A10-494C-9A8F-972E1F1A2FEA}.Release|x86.Build.0 = Release|Win32
		{00E52888-2B57-4186-9C39-ADFF60F377F1}.Debug|x64.ActiveCfg = Debug|x64
		{00E52888-2B57-4186-9C39-ADFF60F377F1}.Debug|x64.Build.0 = Debug|x64
		{00E52888-2B57-4186-9C39-ADFF60F377F1}.Debug|x86.ActiveCfg = Debug|Win32
		{00E52888-2B57-4186-9C39-ADFF60F377F1}.Debug|x86.Build.0 = Debug|Win32
		{00E52888-2B57-4186-9C39-ADFF60F377F1}.Release|x64.ActiveCfg = Release|x64
		{00E52888-2B57-4186-9C39-ADFF60F377F1}.Release|x64.Build.0 = Release|x64
		{00E52888-2B57-4186-9C39-ADFF60F377F1}.Release|x86.ActiveCfg = Release|Win32
		{00E52888-2B57-4186-9C39-ADFF60F377F1}.Release|x86.Build.0 = Release|Win32
		{7FA7F31F-2003-4B6E-8397-A84C066E8536}.Debug|x64.ActiveCfg = Debug|x64
		{7FA7F31F-2003-4B6E-8397-A84C066E8536}.Debug|x64.Build.0 = Debug|x64
		{7FA7F31F-2003-4B6E-8397-A84C066E8536}.Debug|x86.ActiveCfg = Debug|Win32
		{7FA7F31F-2003-4B6E-8397-A84C066E8536}.Debug|x86.Build.0 = Debug|Win32
		{7FA7F31F-2003-4B6E-8397-A84C066E8536}.Release|x64.ActiveCfg = Release|x64
		{7FA7F31F-2003-4B6E-8397-A84C066E8536}.Release|x64.Build.0 = Release|x64
		{7FA7F31F-2003-4B6E-8397-A84C066E8536}.Release|x86.ActiveCfg = Release|Win32
		{7FA7F31F-2003-4B6E-8397-A84C066E8536}.Release|x86.Build.0 = Release|Win32
		{2CFB08E3-99D0-45B5-9D2B-B91CBA4BC056}.Debug|x64.ActiveCfg = Debug|x64
		{2CFB08E3-99D0-45B5-9D2B-B91CBA4BC056}.Debug|x64.Build.0 = Debug|x64
		{2CFB08E3-99D0-45B5-9D2B-B91CBA4BC056}.Debug|x86.ActiveCfg = Debug|Win32
		{2CFB08E3-99D0-45B5-9D2B-B91CBA4BC056}.Debug|x86.Build.0 = Debug|Win32
		{2CFB08E3-99D0-45B5-9D2B-B91CBA4BC056}.Release|x64.ActiveCfg = Release|x64
		{2CFB08E3-99D0-45B5-9D2B-B91CBA4BC056}.Release|x64.Build.0 = Release|x64
		{2CFB08E3-99D0-45B5-9D2B-B91CBA4BC056}.Release|x86.ActiveCfg = Release|Win32
		{2CFB08E3-99D0-45B5-9D2B-B91CBA4BC056}.Release|x86.Build.0 = Release|Win32
		{3666A370-06AB-4881-BEEE-E57A5A5C0F3A}.Debug|x64.ActiveCfg = Debug|x64
		{3666A370-06AB-4881-BEEE-E57A5A5C0F3A}.Debug|x64.Build.0 = Debug|x64
		{3666A370-06AB-4881-BEEE-E57A5A5C0F3A}.Debug|x86.ActiveCfg = Debug|Win32
		{3666A370-06AB-4881-BEEE-E57A5A5C0F3A}.Debug|x86.Build.0 = Debug|Win32
		{3666A370-06AB-4881-BEEE-E57A5A5C0F3A}.Release|x64.ActiveCfg = Release|x64
		{3666A370-06AB-4881-BEEE-E57A5A5C0F3A}.Release|x64.Build.0 = Release|x64
		{3666A370-06AB-4881-BEEE-E57A5A5C0F3A}.Release|x86.ActiveCfg = Release|Win32
		{3666A370-06AB-4881-BEEE-E57A5A5C0F3A}.Release|x86.Build.0 = Release|Win32
		{231CAB5A-5167-4645-BBC5-F4F60D1444C9}.Debug|x64.ActiveCfg = Debug|x64
		{231CAB5A-5167-4645-BBC5-F4F60D1444C9}.Debug|x64.Build.0 = Debug|x64
		{231CAB5A-5167-4645-BBC5-F4F60D1444C9}.Debug|x86.ActiveCfg = Debug|Win32
		{231CAB5A-5167-4645-BBC5-F4F60D1444C9}.Debug|x86.Build.0 = Debug|Win32
		{231CAB5A-5167-4645-BBC5-F4F60D1444C9}.Release|x64.ActiveCfg = Release|x64
		{231CAB5A-5167-4645-BBC5-F4F60D1444C9}.Release|x64.Build.0 = Release|x64
		{231CAB5A-5167-4645-BBC5-F4F60D1444C9}.Release|x86.ActiveCfg = Release|Win32
		{231CAB5A-5167-4645-BBC5-F4F60D1444C9}.Release|x86.Build.0 = Release|Win32
		{1C7DCDD8-8A25-45A1-9AA9-712F1E632A43}.Debug|x64.ActiveCfg = Debug|x64
		{1C7DCDD8-8A25-45A1-9AA9-712F1E632A43}.Debug|x64.Build.0 = Debug|x64
		{1C7DCDD8-8A25-45A1-9AA9-712F1E632A43}.Debug|x86.ActiveCfg = Debug|Win32
		{1C7DCDD8-8A25-45A1-9AA9-712F1E632A43}.Debug|x86.Build.0 = Debug|Win32
		{1C7DCDD8-8A25-45A1-9AA9-712F1E632A43}.Release|x64.ActiveCfg = Release|x64
		{1C7DCDD8-8A25-45A1-9AA9-712F1E632A43}.Release|x64.Build.0 = Release|x64
		{1C7DCDD8-8A25-45A1-9AA9-712F1E632A43}.Release|x86.ActiveCfg = Release|Win32
		{1C7DCDD8-8A25-45A1-9AA9-712F1E632A43}.Release|x86.Build.0 = Release|Win32
		{397DE8B3-EE35-4923-AC8A-5067ECCB62A9}.Debug|x64.ActiveCfg = Debug|x64
		{397DE8B3-EE35-4923-AC8A-5067ECCB62A9}.Debug|x64.Build.0 = Debug|x64
		{397DE8B3-EE35-4923-AC8A-5067ECCB62A9}.Debug|x86.ActiveCfg = Debug|Win32
		{397DE8B3-EE35-4923-AC8A-5067ECCB62A9}.Debug|x86.Build.0 = Debug|Win32
		{397DE8B3-EE35-4923-AC8A-5067ECCB62A9}.Release|x64.ActiveCfg = Release|x64
		{397DE8B3-EE35-4923-AC8A-5067ECCB62A9}.Release|x64.Build.0 = Release|x64
		{397DE8B3-EE35-4923-AC8A-5067ECCB62A9}.Release|x86.ActiveCfg = Release|Win32
		{397DE8B3-EE35-4923-AC8A-5067ECCB62A9}.Release|x86.Build.0 = Release|Win32
		{10E87CB9-A692-47F9-A225-1B7041E00706}.Debug|x64.ActiveCfg = Debug|x64
		{10E87CB9-A692-47F9-A225-1B7041E00706}.Debug|x64.Build.0 = Debug|x64
		{10E87CB9-A692-47F9-A225-1B7041E00706}.Debug|x86.ActiveCfg = Debug|Win32
		{10E87CB9-A692-47F9-A225-1B7041E00706}.Debug|x86.Build.0 = Debug|Win32
		{10E87CB9-A692-47F9-A225-1B7041E00706}.Release|x64.ActiveCfg = Release|x64
		{10E87CB9-A692-47F9-A225-1B7041E00706}.Release|x64.Build.0 = Release|x64
		{10E87CB9-A692-47F9-A225-1B7041E00706}.Release|x86.ActiveCfg = Release|Win32
		{10E87CB9-A692-47F9-A225-1B7041E00706}.Release|x86.Build.0 = Release|Win32
		{9877440D-F876-4AD8-B56B-FFB977B886CB}.Debug|x64.ActiveCfg = Debug|x64
		{9877440D-F876-4AD8-B56B-FFB977B886CB}.Debug|x64.Build.0 = Debug|x64
		{9877440D-F876-4AD8-B56B-FFB977B886CB}.Debug|x86.ActiveCfg = Debug|Win32
		{9877440D-F876-4AD8-B56B-FFB977B886CB}.Debug|x86.Build.0 = Debug|Win32
		{9877440D-F876-4AD8-B56B-FFB977B886CB}.Release|x64.ActiveCfg = Release|x64
		{9877440D-F876-4AD8-B56B-FFB977B886CB}.Release|x64.Build.0 = Release|x64
		{9877440D-F876-4AD8-B56B-FFB977B886CB}.Release|x86.ActiveCfg = Release|Win32
		{9877440D-F876-4AD8-B56B-FFB977B886CB}.Release|x86.Build.0 = Release|Win32
		{C00F9511-4584-4F75-B99B-D9641101E61C}.Debug|x64.ActiveCfg = Debug|x64
		{C00F9511-4584-4F75-B99B-D9641101E61C}.Debug|x64.Build.0 = Debug|x64
		{C00F9511-4584-4F75-B99B-D9641101E61C}.Debug|x86.ActiveCfg = Debug|Win32
		{C00F9511-4584-4F75-B99B-D9641101E61C}.Debug|x86.Build.0 = Debug|Win32
		{C00F9511-4584-4F75-B99B-D9641101E61C}.Release|x64.ActiveCfg = Release|x64
		{C00F9511-4584-4F75-B99B-D9641101E61C}.Release|x64.Build.0 = Release|x64
		{C00F9511-4584-4F75-B99B-D9641101E61C}.Release|x86.ActiveCfg = Release|Win32
		{C00F9511-4584-4F75-B99B-D9641101E61C}.Release|x86.Build.0 = Release|Win32
		{D56538B7-CB52-4D4F-BC18-A56821A09B9A}.Debug|x64.ActiveCfg = Debug|x64
		{D56538B7-CB52-4D4F-BC18-A56821A09B9A}.Debug|x64.Build.0 = Debug|x64
		{D56538B7-CB52-4D4F-BC18-A56821A09B9A}.Debug|x86.ActiveCfg = Debug|Win32
		{D56538B7-CB52-4D4F-BC18-A56821A09B9A}.Debug|x86.Build.0 = Debug|Win32
		{D56538B7-CB52-4D4F-BC18-A56821A09B9A}.Release|x64.ActiveCfg = Release|x64
		{D56538B7-CB52-4D4F-BC18-A56821A09B9A}.Release|x64.Build.0 = Release|x64
		{D56538B7-CB52-4D4F-BC18-A56821A09B9A}.Release|x86.ActiveCfg = Release|Win32
		{D56538B7-CB52-4D4F-BC18-A56821A09B9A}.Release|x86.Build.0 = Release|Win32
		{4E9983B5-DE25-4B2A-ADE2-4E8E8031AB05}.Debug|x64.ActiveCfg = Debug|x64
		{4E9983B5-DE25-4B2A-ADE2-4E8E8031AB05}.Debug|x64.Build.0 = Debug|x64
		{4E9983B5-DE25-4B2A-ADE2-4E8E8031AB05}.Debug|x86.ActiveCfg = Debug|Win32
		{4E9983B5-DE25-4B2A-ADE2-4E8E8031AB05}.Debug|x86.Build.0 = Debug|Win32
		{4E9983B5-DE25-4B2A-ADE2-4E8E8031AB05}.Release|x64.ActiveCfg = Release|x64
		{4E9983B5-DE25-4B2A-ADE2-4E8E8031AB05}.Release|x64.Build.0 = Release|x64
		{4E9983B5-DE25-4B2A-ADE2-4E8E8031AB05}.Release|x86.ActiveCfg = Release|Win32
		{4E9983B5-DE25-4B2A-ADE2-4E8E8031AB05}.Release|x86.Build.0 = Release|Win32
	EndGlobalSection
	GlobalSection(SolutionProperties) = preSolution
		HideSolutionNode = FALSE
	EndGlobalSection
	GlobalSection(NestedProjects) = preSolution
		{55B84AEE-E4F3-4DD2-BACD-B1975DCFBD91} = {10131A6F-4F3B-4C46-B701-55BEDCD0E6CE}
		{9693F1BB-F992-4568-B3D8-25B9E6774ECC} = {10131A6F-4F3B-4C46-B701-55BEDCD0E6CE}
		{921AC022-F4F1-4282-A8D6-DC6763289736} = {10131A6F-4F3B-4C46-B701-55BEDCD0E6CE}
		{78477CDD-F039-43B0-B813-B58AEDF10C3E} = {10131A6F-4F3B-4C46-B701-55BEDCD0E6CE}
		{0A7DB2A1-9A10-494C-9A8F-972E1F1A2FEA} = {6CD323B1-A85E-4480-923A-53C9B85C914C}
		{00E52888-2B57-4186-9C39-ADFF60F377F1} = {6CD323B1-A85E-4480-923A-53C9B85C914C}
		{7FA7F31F-2003-4B6E-8397-A84C066E8536} = {39B9F9EE-D886-4D60-BC15-F3BEF062DE4B}
		{2CFB08E3-99D0-45B5-9D2B-B91CBA4BC056} = {39B9F9EE-D886-4D60-BC15-F3BEF062DE4B}
		{3666A370-06AB-4881-BEEE-E57A5A5C0F3A} = {F108E7E4-93FB-4F18-9210-8402ADF03444}
		{231CAB5A-5167-4645-BBC5-F4F60D1444C9} = {F108E7E4-93FB-4F18-9210-8402ADF03444}
		{1C7DCDD8-8A25-45A1-9AA9-712F1E632A43} = {F108E7E4-93FB-4F18-9210-8402ADF03444}
		{F108E7E4-93FB-4F18-9210-8402ADF03444} = {F23EDF69-832A-4E3F-B5AF-CEB90FF7F655}
		{1482005A-4460-4FBE-A2A9-9052D7EB4158} = {F23EDF69-832A-4E3F-B5AF-CEB90FF7F655}
		{2E0B13B7-50FD-4798-96C6-A21980FFCDA6} = {F23EDF69-832A-4E3F-B5AF-CEB90FF7F655}
		{397DE8B3-EE35-4923-AC8A-5067ECCB62A9} = {2E0B13B7-50FD-4798-96C6-A21980FFCDA6}
		{10E87CB9-A692-47F9-A225-1B7041E00706} = {1482005A-4460-4FBE-A2A9-9052D7EB4158}
		{9877440D-F876-4AD8-B56B-FFB977B886CB} = {1482005A-4460-4FBE-A2A9-9052D7EB4158}
		{F1A236C9-20C3-403E-9213-73B995EAC182} = {F23EDF69-832A-4E3F-B5AF-CEB90FF7F655}
		{C00F9511-4584-4F75-B99B-D9641101E61C} = {F23EDF69-832A-4E3F-B5AF-CEB90FF7F655}
		{D56538B7-CB52-4D4F-BC18-A56821A09B9A} = {F1A236C9-20C3-403E-9213-73B995EAC182}
		{4E9983B5-DE25-4B2A-ADE2-4E8E8031AB05} = {2E0B13B7-50FD-4798-96C6-A21980FFCDA6}
	EndGlobalSection
	GlobalSection(ExtensibilityGlobals) = postSolution
		SolutionGuid = {FC23369E-94DF-42F3-B268-D1BEC750EEB4}
	EndGlobalSection
EndGlobal
